
Microsoft Visual Studio Solution File, Format Version 12.00
# Visual Studio Version 17
VisualStudioVersion = 17.10.34928.147
MinimumVisualStudioVersion = 10.0.40219.1
Project("{FAE04EC0-301F-11D3-BF4B-00C04F79EFBC}") = "Wealth.Assets.API-GQL", "Wealth.Assets.API-GQL\Wealth.Assets.API-GQL.csproj", "{21BAE99D-D164-4734-AD59-E658B713D0DE}"
EndProject
Global
	GlobalSection(SolutionConfigurationPlatforms) = preSolution
		Debug|Any CPU = Debug|Any CPU
		Release|Any CPU = Release|Any CPU
	EndGlobalSection
	GlobalSection(ProjectConfigurationPlatforms) = postSolution
		{21BAE99D-D164-4734-AD59-E658B713D0DE}.Debug|Any CPU.ActiveCfg = Debug|Any CPU
		{21BAE99D-D164-4734-AD59-E658B713D0DE}.Debug|Any CPU.Build.0 = Debug|Any CPU
		{21BAE99D-D164-4734-AD59-E658B713D0DE}.Release|Any CPU.ActiveCfg = Release|Any CPU
		{21BAE99D-D164-4734-AD59-E658B713D0DE}.Release|Any CPU.Build.0 = Release|Any CPU
	EndGlobalSection
	GlobalSection(SolutionProperties) = preSolution
		HideSolutionNode = FALSE
	EndGlobalSection
	GlobalSection(ExtensibilityGlobals) = postSolution
		SolutionGuid = {A5746655-B30E-4EBF-B71B-E5DB7002EF3A}
	EndGlobalSection
EndGlobal
